
Microsoft Visual Studio Solution File, Format Version 12.00
# Visual Studio 15
VisualStudioVersion = 15.0.27130.2024
MinimumVisualStudioVersion = 10.0.40219.1
Project("{8BC9CEB8-8B4A-11D0-8D11-00A0C91BC942}") = "OpenCVmorphology", "OpenCVmorphology\OpenCVmorphology.vcxproj", "{57CACAFB-AE2C-4DE8-9546-E76E839AE6FA}"
EndProject
Global
	GlobalSection(SolutionConfigurationPlatforms) = preSolution
		Debug|x64 = Debug|x64
		Debug|x86 = Debug|x86
		Release|x64 = Release|x64
		Release|x86 = Release|x86
	EndGlobalSection
	GlobalSection(ProjectConfigurationPlatforms) = postSolution
		{57CACAFB-AE2C-4DE8-9546-E76E839AE6FA}.Debug|x64.ActiveCfg = Debug|x64
		{57CACAFB-AE2C-4DE8-9546-E76E839AE6FA}.Debug|x64.Build.0 = Debug|x64
		{57CACAFB-AE2C-4DE8-9546-E76E839AE6FA}.Debug|x86.ActiveCfg = Debug|Win32
		{57CACAFB-AE2C-4DE8-9546-E76E839AE6FA}.Debug|x86.Build.0 = Debug|Win32
		{57CACAFB-AE2C-4DE8-9546-E76E839AE6FA}.Release|x64.ActiveCfg = Release|x64
		{57CACAFB-AE2C-4DE8-9546-E76E839AE6FA}.Release|x64.Build.0 = Release|x64
		{57CACAFB-AE2C-4DE8-9546-E76E839AE6FA}.Release|x86.ActiveCfg = Release|Win32
		{57CACAFB-AE2C-4DE8-9546-E76E839AE6FA}.Release|x86.Build.0 = Release|Win32
	EndGlobalSection
	GlobalSection(SolutionProperties) = preSolution
		HideSolutionNode = FALSE
	EndGlobalSection
	GlobalSection(ExtensibilityGlobals) = postSolution
		SolutionGuid = {DF402A99-37CB-4BC5-991D-1C8E6EB975A4}
	EndGlobalSection
EndGlobal
